{
  "name": "abrade-imdb",
  "version": "0.0.1",
  "lockfileVersion": 1,
  "dependencies": {
    "abrade": {
      "version": "file:../abrade",
      "dependencies": {
        "asynckit": {
          "version": "0.4.0",
          "bundled": true
        },
        "combined-stream": {
          "version": "1.0.5",
          "bundled": true
        },
        "component-emitter": {
          "version": "1.2.1",
          "bundled": true
        },
        "cookiejar": {
          "version": "2.1.1",
          "bundled": true
        },
        "core-util-is": {
          "version": "1.0.2",
          "bundled": true
        },
        "debug": {
          "version": "2.6.8",
          "bundled": true
        },
        "delayed-stream": {
          "version": "1.0.0",
          "bundled": true
        },
        "extend": {
          "version": "3.0.1",
          "bundled": true
        },
        "form-data": {
          "version": "2.3.1",
          "bundled": true
        },
        "formidable": {
          "version": "1.1.1",
          "bundled": true
        },
        "inherits": {
          "version": "2.0.3",
          "bundled": true
        },
        "isarray": {
          "version": "1.0.0",
          "bundled": true
        },
        "methods": {
          "version": "1.1.2",
          "bundled": true
        },
        "mime": {
          "version": "1.4.0",
          "bundled": true
        },
        "mime-db": {
          "version": "1.30.0",
          "bundled": true
        },
        "mime-types": {
          "version": "2.1.17",
          "bundled": true
        },
        "ms": {
          "version": "2.0.0",
          "bundled": true
        },
        "process-nextick-args": {
          "version": "1.0.7",
          "bundled": true
        },
        "qs": {
          "version": "6.5.1",
          "bundled": true
        },
        "readable-stream": {
          "version": "2.3.3",
          "bundled": true
        },
        "safe-buffer": {
          "version": "5.1.1",
          "bundled": true
        },
        "string_decoder": {
          "version": "1.0.3",
          "bundled": true
        },
        "superagent": {
          "version": "3.6.0",
          "bundled": true
        },
        "superagent-as-promised": {
          "version": "4.0.0",
          "bundled": true
        },
        "util-deprecate": {
          "version": "1.0.2",
          "bundled": true
        }
      }
    }
  }
}
